
Microsoft Visual Studio Solution File, Format Version 12.00
# Visual Studio 15
VisualStudioVersion = 15.0.28307.645
MinimumVisualStudioVersion = 10.0.40219.1
Project("{9A19103F-16F7-4668-BE54-9A1E7A4F7556}") = "DotNetCoreWeb", "DotNetCoreWeb\DotNetCoreWeb.csproj", "{8FAA7B67-C90C-4DD1-8297-4A5F69754DA7}"
EndProject
Project("{9A19103F-16F7-4668-BE54-9A1E7A4F7556}") = "DotNetCoreWebApi", "DotNetCoreWebApi\DotNetCoreWebApi.csproj", "{F8C9C014-88E7-4E41-A8E6-71B5C2CD9D8E}"
EndProject
Project("{9A19103F-16F7-4668-BE54-9A1E7A4F7556}") = "MyProject.Core", "MyProject.Core\MyProject.Core.csproj", "{7C6936F7-9C1F-4756-89C9-6BC8D79C2D35}"
EndProject
Project("{9A19103F-16F7-4668-BE54-9A1E7A4F7556}") = "MyProject.EntityFrameworkCore", "MyProject.EntityFrameworkCore\MyProject.EntityFrameworkCore.csproj", "{C95C34AC-FDF8-48D1-9979-3F2F249C84A1}"
EndProject
Project("{2150E333-8FDC-42A3-9474-1A3956D46DE8}") = "test", "test", "{9E022B10-50C2-42AF-B83F-0EE7E46E3264}"
EndProject
Project("{FAE04EC0-301F-11D3-BF4B-00C04F79EFBC}") = "XUnitTestProject", "XUnitTestProject\XUnitTestProject.csproj", "{C60566AD-C130-4CC4-AC50-056C69378F5D}"
EndProject
Project("{9A19103F-16F7-4668-BE54-9A1E7A4F7556}") = "Ace", "Ace\Ace.csproj", "{2A19EAC1-18D7-4A83-AE00-20957C5BD06A}"
EndProject
Project("{9A19103F-16F7-4668-BE54-9A1E7A4F7556}") = "DotNetEx", "DotNetEx\DotNetEx.csproj", "{20B3AFA6-1D14-4934-9114-ACE3ABB42A36}"
EndProject
Global
	GlobalSection(SolutionConfigurationPlatforms) = preSolution
		Debug|Any CPU = Debug|Any CPU
		Release|Any CPU = Release|Any CPU
	EndGlobalSection
	GlobalSection(ProjectConfigurationPlatforms) = postSolution
		{8FAA7B67-C90C-4DD1-8297-4A5F69754DA7}.Debug|Any CPU.ActiveCfg = Debug|Any CPU
		{8FAA7B67-C90C-4DD1-8297-4A5F69754DA7}.Debug|Any CPU.Build.0 = Debug|Any CPU
		{8FAA7B67-C90C-4DD1-8297-4A5F69754DA7}.Release|Any CPU.ActiveCfg = Release|Any CPU
		{8FAA7B67-C90C-4DD1-8297-4A5F69754DA7}.Release|Any CPU.Build.0 = Release|Any CPU
		{F8C9C014-88E7-4E41-A8E6-71B5C2CD9D8E}.Debug|Any CPU.ActiveCfg = Debug|Any CPU
		{F8C9C014-88E7-4E41-A8E6-71B5C2CD9D8E}.Debug|Any CPU.Build.0 = Debug|Any CPU
		{F8C9C014-88E7-4E41-A8E6-71B5C2CD9D8E}.Release|Any CPU.ActiveCfg = Release|Any CPU
		{F8C9C014-88E7-4E41-A8E6-71B5C2CD9D8E}.Release|Any CPU.Build.0 = Release|Any CPU
		{7C6936F7-9C1F-4756-89C9-6BC8D79C2D35}.Debug|Any CPU.ActiveCfg = Debug|Any CPU
		{7C6936F7-9C1F-4756-89C9-6BC8D79C2D35}.Debug|Any CPU.Build.0 = Debug|Any CPU
		{7C6936F7-9C1F-4756-89C9-6BC8D79C2D35}.Release|Any CPU.ActiveCfg = Release|Any CPU
		{7C6936F7-9C1F-4756-89C9-6BC8D79C2D35}.Release|Any CPU.Build.0 = Release|Any CPU
		{C95C34AC-FDF8-48D1-9979-3F2F249C84A1}.Debug|Any CPU.ActiveCfg = Debug|Any CPU
		{C95C34AC-FDF8-48D1-9979-3F2F249C84A1}.Debug|Any CPU.Build.0 = Debug|Any CPU
		{C95C34AC-FDF8-48D1-9979-3F2F249C84A1}.Release|Any CPU.ActiveCfg = Release|Any CPU
		{C95C34AC-FDF8-48D1-9979-3F2F249C84A1}.Release|Any CPU.Build.0 = Release|Any CPU
		{C60566AD-C130-4CC4-AC50-056C69378F5D}.Debug|Any CPU.ActiveCfg = Debug|Any CPU
		{C60566AD-C130-4CC4-AC50-056C69378F5D}.Debug|Any CPU.Build.0 = Debug|Any CPU
		{C60566AD-C130-4CC4-AC50-056C69378F5D}.Release|Any CPU.ActiveCfg = Release|Any CPU
		{C60566AD-C130-4CC4-AC50-056C69378F5D}.Release|Any CPU.Build.0 = Release|Any CPU
		{2A19EAC1-18D7-4A83-AE00-20957C5BD06A}.Debug|Any CPU.ActiveCfg = Debug|Any CPU
		{2A19EAC1-18D7-4A83-AE00-20957C5BD06A}.Debug|Any CPU.Build.0 = Debug|Any CPU
		{2A19EAC1-18D7-4A83-AE00-20957C5BD06A}.Release|Any CPU.ActiveCfg = Release|Any CPU
		{2A19EAC1-18D7-4A83-AE00-20957C5BD06A}.Release|Any CPU.Build.0 = Release|Any CPU
		{20B3AFA6-1D14-4934-9114-ACE3ABB42A36}.Debug|Any CPU.ActiveCfg = Debug|Any CPU
		{20B3AFA6-1D14-4934-9114-ACE3ABB42A36}.Debug|Any CPU.Build.0 = Debug|Any CPU
		{20B3AFA6-1D14-4934-9114-ACE3ABB42A36}.Release|Any CPU.ActiveCfg = Release|Any CPU
		{20B3AFA6-1D14-4934-9114-ACE3ABB42A36}.Release|Any CPU.Build.0 = Release|Any CPU
	EndGlobalSection
	GlobalSection(SolutionProperties) = preSolution
		HideSolutionNode = FALSE
	EndGlobalSection
	GlobalSection(NestedProjects) = preSolution
		{C60566AD-C130-4CC4-AC50-056C69378F5D} = {9E022B10-50C2-42AF-B83F-0EE7E46E3264}
	EndGlobalSection
	GlobalSection(ExtensibilityGlobals) = postSolution
		SolutionGuid = {B9C9A1A6-7252-4B83-9303-8890FA2D43DF}
	EndGlobalSection
EndGlobal
